{
  "version": 4,
  "terraform_version": "0.13.4",
  "serial": 182,
  "lineage": "985a9f0f-9538-7e68-70b5-3b24e196c245",
  "outputs": {},
  "resources": [
    {
      "mode": "managed",
      "type": "azurerm_availability_set",
      "name": "AvSet",
      "provider": "provider[\"registry.terraform.io/hashicorp/azurerm\"]",
      "instances": [
        {
          "schema_version": 0,
          "attributes": {
            "id": "/subscriptions/4c907634-af3f-48a3-9043-c3a06e5ab1a4/resourceGroups/uda-proj-01/providers/Microsoft.Compute/availabilitySets/uda-proj-01-AvS-01",
            "location": "eastus",
            "managed": true,
            "name": "uda-proj-01-AvS-01",
            "platform_fault_domain_count": 3,
            "platform_update_domain_count": 4,
            "proximity_placement_group_id": null,
            "resource_group_name": "uda-proj-01",
            "tags": {
              "department": "IT",
              "environment": "prod"
            },
            "timeouts": null
          },
          "private": "eyJlMmJmYjczMC1lY2FhLTExZTYtOGY4OC0zNDM2M2JjN2M0YzAiOnsiY3JlYXRlIjoxODAwMDAwMDAwMDAwLCJkZWxldGUiOjE4MDAwMDAwMDAwMDAsInJlYWQiOjMwMDAwMDAwMDAwMCwidXBkYXRlIjoxODAwMDAwMDAwMDAwfX0=",
          "dependencies": [
            "azurerm_resource_group.RG"
          ]
        }
      ]
    },
    {
      "mode": "managed",
      "type": "azurerm_lb",
      "name": "LB",
      "provider": "provider[\"registry.terraform.io/hashicorp/azurerm\"]",
      "instances": [
        {
          "schema_version": 0,
          "attributes": {
            "frontend_ip_configuration": [
              {
                "id": "/subscriptions/4c907634-af3f-48a3-9043-c3a06e5ab1a4/resourceGroups/uda-proj-01/providers/Microsoft.Network/loadBalancers/uda-proj-01-loadbalancer/frontendIPConfigurations/uda-proj-01-lb-pip",
                "inbound_nat_rules": [],
                "load_balancer_rules": [
                  "/subscriptions/4c907634-af3f-48a3-9043-c3a06e5ab1a4/resourceGroups/uda-proj-01/providers/Microsoft.Network/loadBalancers/uda-proj-01-loadbalancer/loadBalancingRules/LBRule"
                ],
                "name": "uda-proj-01-lb-pip",
                "outbound_rules": [],
                "private_ip_address": "",
                "private_ip_address_allocation": "Dynamic",
                "private_ip_address_version": "IPv4",
                "public_ip_address_id": "/subscriptions/4c907634-af3f-48a3-9043-c3a06e5ab1a4/resourceGroups/uda-proj-01/providers/Microsoft.Network/publicIPAddresses/uda-proj-01-lb-pip",
                "public_ip_prefix_id": "",
                "subnet_id": "",
                "zones": []
              }
            ],
            "id": "/subscriptions/4c907634-af3f-48a3-9043-c3a06e5ab1a4/resourceGroups/uda-proj-01/providers/Microsoft.Network/loadBalancers/uda-proj-01-loadbalancer",
            "location": "eastus",
            "name": "uda-proj-01-loadbalancer",
            "private_ip_address": "",
            "private_ip_addresses": [],
            "resource_group_name": "uda-proj-01",
            "sku": "Standard",
            "tags": {
              "department": "IT",
              "environment": "prod"
            },
            "timeouts": null
          },
          "private": "eyJlMmJmYjczMC1lY2FhLTExZTYtOGY4OC0zNDM2M2JjN2M0YzAiOnsiY3JlYXRlIjoxODAwMDAwMDAwMDAwLCJkZWxldGUiOjE4MDAwMDAwMDAwMDAsInJlYWQiOjMwMDAwMDAwMDAwMCwidXBkYXRlIjoxODAwMDAwMDAwMDAwfX0=",
          "dependencies": [
            "azurerm_public_ip.PIP",
            "azurerm_resource_group.RG"
          ]
        }
      ]
    },
    {
      "mode": "managed",
      "type": "azurerm_lb_backend_address_pool",
      "name": "BkEndAddPool",
      "provider": "provider[\"registry.terraform.io/hashicorp/azurerm\"]",
      "instances": [
        {
          "schema_version": 0,
          "attributes": {
            "backend_ip_configurations": [
              "/subscriptions/4c907634-af3f-48a3-9043-c3a06e5ab1a4/resourceGroups/uda-proj-01/providers/Microsoft.Network/networkInterfaces/udacity-web-nic-0/ipConfigurations/udacity-web-InternalIP-0",
              "/subscriptions/4c907634-af3f-48a3-9043-c3a06e5ab1a4/resourceGroups/uda-proj-01/providers/Microsoft.Network/networkInterfaces/udacity-web-nic-1/ipConfigurations/udacity-web-InternalIP-1"
            ],
            "id": "/subscriptions/4c907634-af3f-48a3-9043-c3a06e5ab1a4/resourceGroups/uda-proj-01/providers/Microsoft.Network/loadBalancers/uda-proj-01-loadbalancer/backendAddressPools/uda-proj-01-lb-backendaddresspool",
            "load_balancing_rules": [],
            "loadbalancer_id": "/subscriptions/4c907634-af3f-48a3-9043-c3a06e5ab1a4/resourceGroups/uda-proj-01/providers/Microsoft.Network/loadBalancers/uda-proj-01-loadbalancer",
            "name": "uda-proj-01-lb-backendaddresspool",
            "resource_group_name": "uda-proj-01",
            "timeouts": null
          },
          "private": "eyJlMmJmYjczMC1lY2FhLTExZTYtOGY4OC0zNDM2M2JjN2M0YzAiOnsiY3JlYXRlIjoxODAwMDAwMDAwMDAwLCJkZWxldGUiOjE4MDAwMDAwMDAwMDAsInJlYWQiOjMwMDAwMDAwMDAwMCwidXBkYXRlIjoxODAwMDAwMDAwMDAwfX0=",
          "dependencies": [
            "azurerm_lb.LB",
            "azurerm_public_ip.PIP",
            "azurerm_resource_group.RG"
          ]
        }
      ]
    },
    {
      "mode": "managed",
      "type": "azurerm_lb_nat_pool",
      "name": "NAT-pool",
      "provider": "provider[\"registry.terraform.io/hashicorp/azurerm\"]",
      "instances": [
        {
          "schema_version": 0,
          "attributes": {
            "backend_port": 22,
            "frontend_ip_configuration_id": "/subscriptions/4c907634-af3f-48a3-9043-c3a06e5ab1a4/resourceGroups/uda-proj-01/providers/Microsoft.Network/loadBalancers/uda-proj-01-loadbalancer/frontendIPConfigurations/uda-proj-01-lb-pip",
            "frontend_ip_configuration_name": "uda-proj-01-lb-pip",
            "frontend_port_end": 65534,
            "frontend_port_start": 1,
            "id": "/subscriptions/4c907634-af3f-48a3-9043-c3a06e5ab1a4/resourceGroups/uda-proj-01/providers/Microsoft.Network/loadBalancers/uda-proj-01-loadbalancer/inboundNatPools/uda-proj-01-lb-NATpool",
            "loadbalancer_id": "/subscriptions/4c907634-af3f-48a3-9043-c3a06e5ab1a4/resourceGroups/uda-proj-01/providers/Microsoft.Network/loadBalancers/uda-proj-01-loadbalancer",
            "name": "uda-proj-01-lb-NATpool",
            "protocol": "Tcp",
            "resource_group_name": "uda-proj-01",
            "timeouts": null
          },
          "private": "eyJlMmJmYjczMC1lY2FhLTExZTYtOGY4OC0zNDM2M2JjN2M0YzAiOnsiY3JlYXRlIjoxODAwMDAwMDAwMDAwLCJkZWxldGUiOjE4MDAwMDAwMDAwMDAsInJlYWQiOjMwMDAwMDAwMDAwMCwidXBkYXRlIjoxODAwMDAwMDAwMDAwfX0=",
          "dependencies": [
            "azurerm_lb.LB",
            "azurerm_public_ip.PIP",
            "azurerm_resource_group.RG"
          ]
        }
      ]
    },
    {
      "mode": "managed",
      "type": "azurerm_lb_probe",
      "name": "Probe",
      "provider": "provider[\"registry.terraform.io/hashicorp/azurerm\"]",
      "instances": [
        {
          "schema_version": 0,
          "attributes": {
            "id": "/subscriptions/4c907634-af3f-48a3-9043-c3a06e5ab1a4/resourceGroups/uda-proj-01/providers/Microsoft.Network/loadBalancers/uda-proj-01-loadbalancer/probes/ssh-running-probe",
            "interval_in_seconds": 15,
            "load_balancer_rules": [],
            "loadbalancer_id": "/subscriptions/4c907634-af3f-48a3-9043-c3a06e5ab1a4/resourceGroups/uda-proj-01/providers/Microsoft.Network/loadBalancers/uda-proj-01-loadbalancer",
            "name": "ssh-running-probe",
            "number_of_probes": 2,
            "port": 22,
            "protocol": "Tcp",
            "request_path": "",
            "resource_group_name": "uda-proj-01",
            "timeouts": null
          },
          "private": "eyJlMmJmYjczMC1lY2FhLTExZTYtOGY4OC0zNDM2M2JjN2M0YzAiOnsiY3JlYXRlIjoxODAwMDAwMDAwMDAwLCJkZWxldGUiOjE4MDAwMDAwMDAwMDAsInJlYWQiOjMwMDAwMDAwMDAwMCwidXBkYXRlIjoxODAwMDAwMDAwMDAwfX0=",
          "dependencies": [
            "azurerm_lb.LB",
            "azurerm_public_ip.PIP",
            "azurerm_resource_group.RG"
          ]
        }
      ]
    },
    {
      "mode": "managed",
      "type": "azurerm_lb_rule",
      "name": "LB-rule",
      "provider": "provider[\"registry.terraform.io/hashicorp/azurerm\"]",
      "instances": [
        {
          "schema_version": 0,
          "attributes": {
            "backend_address_pool_id": "/subscriptions/4c907634-af3f-48a3-9043-c3a06e5ab1a4/resourceGroups/uda-proj-01/providers/Microsoft.Network/loadBalancers/uda-proj-01-loadbalancer/backendAddressPools/uda-proj-01-lb-backendaddresspool",
            "backend_port": 22,
            "disable_outbound_snat": false,
            "enable_floating_ip": false,
            "enable_tcp_reset": false,
            "frontend_ip_configuration_id": "/subscriptions/4c907634-af3f-48a3-9043-c3a06e5ab1a4/resourceGroups/uda-proj-01/providers/Microsoft.Network/loadBalancers/uda-proj-01-loadbalancer/frontendIPConfigurations/uda-proj-01-lb-pip",
            "frontend_ip_configuration_name": "uda-proj-01-lb-pip",
            "frontend_port": 22,
            "id": "/subscriptions/4c907634-af3f-48a3-9043-c3a06e5ab1a4/resourceGroups/uda-proj-01/providers/Microsoft.Network/loadBalancers/uda-proj-01-loadbalancer/loadBalancingRules/LBRule",
            "idle_timeout_in_minutes": 4,
            "load_distribution": "Default",
            "loadbalancer_id": "/subscriptions/4c907634-af3f-48a3-9043-c3a06e5ab1a4/resourceGroups/uda-proj-01/providers/Microsoft.Network/loadBalancers/uda-proj-01-loadbalancer",
            "name": "LBRule",
            "probe_id": "/subscriptions/4c907634-af3f-48a3-9043-c3a06e5ab1a4/resourceGroups/uda-proj-01/providers/Microsoft.Network/loadBalancers/uda-proj-01-loadbalancer/probes/ssh-running-probe",
            "protocol": "Tcp",
            "resource_group_name": "uda-proj-01",
            "timeouts": null
          },
          "private": "eyJlMmJmYjczMC1lY2FhLTExZTYtOGY4OC0zNDM2M2JjN2M0YzAiOnsiY3JlYXRlIjoxODAwMDAwMDAwMDAwLCJkZWxldGUiOjE4MDAwMDAwMDAwMDAsInJlYWQiOjMwMDAwMDAwMDAwMCwidXBkYXRlIjoxODAwMDAwMDAwMDAwfX0=",
          "dependencies": [
            "azurerm_lb.LB",
            "azurerm_lb_backend_address_pool.BkEndAddPool",
            "azurerm_lb_probe.Probe",
            "azurerm_resource_group.RG"
          ]
        }
      ]
    },
    {
      "mode": "managed",
      "type": "azurerm_linux_virtual_machine",
      "name": "VM",
      "provider": "provider[\"registry.terraform.io/hashicorp/azurerm\"]",
      "instances": [
        {
          "index_key": 0,
          "schema_version": 0,
          "attributes": {
            "additional_capabilities": [],
            "admin_password": "Changeme123!",
            "admin_ssh_key": [],
            "admin_username": "spotcheck",
            "allow_extension_operations": true,
            "availability_set_id": "/subscriptions/4c907634-af3f-48a3-9043-c3a06e5ab1a4/resourceGroups/uda-proj-01/providers/Microsoft.Compute/availabilitySets/UDA-PROJ-01-AVS-01",
            "boot_diagnostics": [],
            "computer_name": "udacity-web-0",
            "custom_data": null,
            "dedicated_host_id": "",
            "disable_password_authentication": false,
            "encryption_at_host_enabled": false,
            "eviction_policy": "",
            "id": "/subscriptions/4c907634-af3f-48a3-9043-c3a06e5ab1a4/resourceGroups/uda-proj-01/providers/Microsoft.Compute/virtualMachines/udacity-web-0",
            "identity": [],
            "location": "eastus",
            "max_bid_price": -1,
            "name": "udacity-web-0",
            "network_interface_ids": [
              "/subscriptions/4c907634-af3f-48a3-9043-c3a06e5ab1a4/resourceGroups/uda-proj-01/providers/Microsoft.Network/networkInterfaces/udacity-web-nic-0"
            ],
            "os_disk": [
              {
                "caching": "ReadWrite",
                "diff_disk_settings": [],
                "disk_encryption_set_id": "",
                "disk_size_gb": 30,
                "name": "osdisk-0",
                "storage_account_type": "Standard_LRS",
                "write_accelerator_enabled": false
              }
            ],
            "plan": [],
            "priority": "Regular",
            "private_ip_address": "10.0.1.4",
            "private_ip_addresses": [
              "10.0.1.4"
            ],
            "provision_vm_agent": true,
            "proximity_placement_group_id": "",
            "public_ip_address": "",
            "public_ip_addresses": [],
            "resource_group_name": "uda-proj-01",
            "secret": [],
            "size": "Standard_D2s_v3",
            "source_image_id": "/subscriptions/4c907634-af3f-48a3-9043-c3a06e5ab1a4/resourceGroups/packer-rg/providers/Microsoft.Compute/images/myPackerImage2",
            "source_image_reference": [],
            "tags": {
              "department": "IT",
              "environment": "prod"
            },
            "timeouts": null,
            "virtual_machine_id": "79e40dcf-2f9b-489d-960a-8ecf06c5594f",
            "virtual_machine_scale_set_id": "",
            "zone": ""
          },
          "private": "eyJlMmJmYjczMC1lY2FhLTExZTYtOGY4OC0zNDM2M2JjN2M0YzAiOnsiY3JlYXRlIjoyNzAwMDAwMDAwMDAwLCJkZWxldGUiOjI3MDAwMDAwMDAwMDAsInJlYWQiOjMwMDAwMDAwMDAwMCwidXBkYXRlIjoyNzAwMDAwMDAwMDAwfX0=",
          "dependencies": [
            "azurerm_availability_set.AvSet",
            "azurerm_network_interface.NIC",
            "azurerm_resource_group.RG",
            "azurerm_subnet.SUBNET"
          ]
        },
        {
          "index_key": 1,
          "schema_version": 0,
          "attributes": {
            "additional_capabilities": [],
            "admin_password": "Changeme123!",
            "admin_ssh_key": [],
            "admin_username": "spotcheck",
            "allow_extension_operations": true,
            "availability_set_id": "/subscriptions/4c907634-af3f-48a3-9043-c3a06e5ab1a4/resourceGroups/uda-proj-01/providers/Microsoft.Compute/availabilitySets/UDA-PROJ-01-AVS-01",
            "boot_diagnostics": [],
            "computer_name": "udacity-web-1",
            "custom_data": null,
            "dedicated_host_id": "",
            "disable_password_authentication": false,
            "encryption_at_host_enabled": false,
            "eviction_policy": "",
            "id": "/subscriptions/4c907634-af3f-48a3-9043-c3a06e5ab1a4/resourceGroups/uda-proj-01/providers/Microsoft.Compute/virtualMachines/udacity-web-1",
            "identity": [],
            "location": "eastus",
            "max_bid_price": -1,
            "name": "udacity-web-1",
            "network_interface_ids": [
              "/subscriptions/4c907634-af3f-48a3-9043-c3a06e5ab1a4/resourceGroups/uda-proj-01/providers/Microsoft.Network/networkInterfaces/udacity-web-nic-1"
            ],
            "os_disk": [
              {
                "caching": "ReadWrite",
                "diff_disk_settings": [],
                "disk_encryption_set_id": "",
                "disk_size_gb": 30,
                "name": "osdisk-1",
                "storage_account_type": "Standard_LRS",
                "write_accelerator_enabled": false
              }
            ],
            "plan": [],
            "priority": "Regular",
            "private_ip_address": "10.0.1.5",
            "private_ip_addresses": [
              "10.0.1.5"
            ],
            "provision_vm_agent": true,
            "proximity_placement_group_id": "",
            "public_ip_address": "",
            "public_ip_addresses": [],
            "resource_group_name": "uda-proj-01",
            "secret": [],
            "size": "Standard_D2s_v3",
            "source_image_id": "/subscriptions/4c907634-af3f-48a3-9043-c3a06e5ab1a4/resourceGroups/packer-rg/providers/Microsoft.Compute/images/myPackerImage2",
            "source_image_reference": [],
            "tags": {
              "department": "IT",
              "environment": "prod"
            },
            "timeouts": null,
            "virtual_machine_id": "2f76a285-1e6c-4bfe-b377-1cbfe45a9612",
            "virtual_machine_scale_set_id": "",
            "zone": ""
          },
          "private": "eyJlMmJmYjczMC1lY2FhLTExZTYtOGY4OC0zNDM2M2JjN2M0YzAiOnsiY3JlYXRlIjoyNzAwMDAwMDAwMDAwLCJkZWxldGUiOjI3MDAwMDAwMDAwMDAsInJlYWQiOjMwMDAwMDAwMDAwMCwidXBkYXRlIjoyNzAwMDAwMDAwMDAwfX0=",
          "dependencies": [
            "azurerm_availability_set.AvSet",
            "azurerm_network_interface.NIC",
            "azurerm_resource_group.RG",
            "azurerm_subnet.SUBNET"
          ]
        }
      ]
    },
    {
      "mode": "managed",
      "type": "azurerm_network_interface",
      "name": "NIC",
      "provider": "provider[\"registry.terraform.io/hashicorp/azurerm\"]",
      "instances": [
        {
          "index_key": 0,
          "schema_version": 0,
          "attributes": {
            "applied_dns_servers": [],
            "dns_servers": [],
            "enable_accelerated_networking": false,
            "enable_ip_forwarding": false,
            "id": "/subscriptions/4c907634-af3f-48a3-9043-c3a06e5ab1a4/resourceGroups/uda-proj-01/providers/Microsoft.Network/networkInterfaces/udacity-web-nic-0",
            "internal_dns_name_label": "",
            "internal_domain_name_suffix": "jipx2cfjvgjuvl3w1ccy1gi5ob.bx.internal.cloudapp.net",
            "ip_configuration": [
              {
                "name": "udacity-web-InternalIP-0",
                "primary": true,
                "private_ip_address": "10.0.1.4",
                "private_ip_address_allocation": "Dynamic",
                "private_ip_address_version": "IPv4",
                "public_ip_address_id": "",
                "subnet_id": "/subscriptions/4c907634-af3f-48a3-9043-c3a06e5ab1a4/resourceGroups/uda-proj-01/providers/Microsoft.Network/virtualNetworks/udacity-vnet/subnets/uda-proj-01_subnet"
              }
            ],
            "location": "eastus",
            "mac_address": "00-0D-3A-9D-78-F8",
            "name": "udacity-web-nic-0",
            "private_ip_address": "10.0.1.4",
            "private_ip_addresses": [
              "10.0.1.4"
            ],
            "resource_group_name": "uda-proj-01",
            "tags": {
              "department": "IT",
              "environment": "prod"
            },
            "timeouts": null,
            "virtual_machine_id": "/subscriptions/4c907634-af3f-48a3-9043-c3a06e5ab1a4/resourceGroups/uda-proj-01/providers/Microsoft.Compute/virtualMachines/udacity-web-0"
          },
          "private": "eyJlMmJmYjczMC1lY2FhLTExZTYtOGY4OC0zNDM2M2JjN2M0YzAiOnsiY3JlYXRlIjoxODAwMDAwMDAwMDAwLCJkZWxldGUiOjE4MDAwMDAwMDAwMDAsInJlYWQiOjMwMDAwMDAwMDAwMCwidXBkYXRlIjoxODAwMDAwMDAwMDAwfX0=",
          "dependencies": [
            "azurerm_resource_group.RG",
            "azurerm_subnet.SUBNET"
          ]
        },
        {
          "index_key": 1,
          "schema_version": 0,
          "attributes": {
            "applied_dns_servers": [],
            "dns_servers": [],
            "enable_accelerated_networking": false,
            "enable_ip_forwarding": false,
            "id": "/subscriptions/4c907634-af3f-48a3-9043-c3a06e5ab1a4/resourceGroups/uda-proj-01/providers/Microsoft.Network/networkInterfaces/udacity-web-nic-1",
            "internal_dns_name_label": "",
            "internal_domain_name_suffix": "jipx2cfjvgjuvl3w1ccy1gi5ob.bx.internal.cloudapp.net",
            "ip_configuration": [
              {
                "name": "udacity-web-InternalIP-1",
                "primary": true,
                "private_ip_address": "10.0.1.5",
                "private_ip_address_allocation": "Dynamic",
                "private_ip_address_version": "IPv4",
                "public_ip_address_id": "",
                "subnet_id": "/subscriptions/4c907634-af3f-48a3-9043-c3a06e5ab1a4/resourceGroups/uda-proj-01/providers/Microsoft.Network/virtualNetworks/udacity-vnet/subnets/uda-proj-01_subnet"
              }
            ],
            "location": "eastus",
            "mac_address": "00-0D-3A-9C-4C-75",
            "name": "udacity-web-nic-1",
            "private_ip_address": "10.0.1.5",
            "private_ip_addresses": [
              "10.0.1.5"
            ],
            "resource_group_name": "uda-proj-01",
            "tags": {
              "department": "IT",
              "environment": "prod"
            },
            "timeouts": null,
            "virtual_machine_id": "/subscriptions/4c907634-af3f-48a3-9043-c3a06e5ab1a4/resourceGroups/uda-proj-01/providers/Microsoft.Compute/virtualMachines/udacity-web-1"
          },
          "private": "eyJlMmJmYjczMC1lY2FhLTExZTYtOGY4OC0zNDM2M2JjN2M0YzAiOnsiY3JlYXRlIjoxODAwMDAwMDAwMDAwLCJkZWxldGUiOjE4MDAwMDAwMDAwMDAsInJlYWQiOjMwMDAwMDAwMDAwMCwidXBkYXRlIjoxODAwMDAwMDAwMDAwfX0=",
          "dependencies": [
            "azurerm_resource_group.RG",
            "azurerm_subnet.SUBNET"
          ]
        }
      ]
    },
    {
      "mode": "managed",
      "type": "azurerm_network_interface_backend_address_pool_association",
      "name": "LB-backendpool-association",
      "provider": "provider[\"registry.terraform.io/hashicorp/azurerm\"]",
      "instances": [
        {
          "index_key": 0,
          "schema_version": 0,
          "attributes": {
            "backend_address_pool_id": "/subscriptions/4c907634-af3f-48a3-9043-c3a06e5ab1a4/resourceGroups/uda-proj-01/providers/Microsoft.Network/loadBalancers/uda-proj-01-loadbalancer/backendAddressPools/uda-proj-01-lb-backendaddresspool",
            "id": "/subscriptions/4c907634-af3f-48a3-9043-c3a06e5ab1a4/resourceGroups/uda-proj-01/providers/Microsoft.Network/networkInterfaces/udacity-web-nic-0/ipConfigurations/udacity-web-InternalIP-0|/subscriptions/4c907634-af3f-48a3-9043-c3a06e5ab1a4/resourceGroups/uda-proj-01/providers/Microsoft.Network/loadBalancers/uda-proj-01-loadbalancer/backendAddressPools/uda-proj-01-lb-backendaddresspool",
            "ip_configuration_name": "udacity-web-InternalIP-0",
            "network_interface_id": "/subscriptions/4c907634-af3f-48a3-9043-c3a06e5ab1a4/resourceGroups/uda-proj-01/providers/Microsoft.Network/networkInterfaces/udacity-web-nic-0",
            "timeouts": null
          },
          "private": "eyJlMmJmYjczMC1lY2FhLTExZTYtOGY4OC0zNDM2M2JjN2M0YzAiOnsiY3JlYXRlIjoxODAwMDAwMDAwMDAwLCJkZWxldGUiOjE4MDAwMDAwMDAwMDAsInJlYWQiOjMwMDAwMDAwMDAwMCwidXBkYXRlIjoxODAwMDAwMDAwMDAwfX0=",
          "dependencies": [
            "azurerm_lb.LB",
            "azurerm_lb_backend_address_pool.BkEndAddPool",
            "azurerm_network_interface.NIC",
            "azurerm_public_ip.PIP",
            "azurerm_resource_group.RG",
            "azurerm_subnet.SUBNET",
            "azurerm_virtual_network.VNET"
          ]
        },
        {
          "index_key": 1,
          "schema_version": 0,
          "attributes": {
            "backend_address_pool_id": "/subscriptions/4c907634-af3f-48a3-9043-c3a06e5ab1a4/resourceGroups/uda-proj-01/providers/Microsoft.Network/loadBalancers/uda-proj-01-loadbalancer/backendAddressPools/uda-proj-01-lb-backendaddresspool",
            "id": "/subscriptions/4c907634-af3f-48a3-9043-c3a06e5ab1a4/resourceGroups/uda-proj-01/providers/Microsoft.Network/networkInterfaces/udacity-web-nic-1/ipConfigurations/udacity-web-InternalIP-1|/subscriptions/4c907634-af3f-48a3-9043-c3a06e5ab1a4/resourceGroups/uda-proj-01/providers/Microsoft.Network/loadBalancers/uda-proj-01-loadbalancer/backendAddressPools/uda-proj-01-lb-backendaddresspool",
            "ip_configuration_name": "udacity-web-InternalIP-1",
            "network_interface_id": "/subscriptions/4c907634-af3f-48a3-9043-c3a06e5ab1a4/resourceGroups/uda-proj-01/providers/Microsoft.Network/networkInterfaces/udacity-web-nic-1",
            "timeouts": null
          },
          "private": "eyJlMmJmYjczMC1lY2FhLTExZTYtOGY4OC0zNDM2M2JjN2M0YzAiOnsiY3JlYXRlIjoxODAwMDAwMDAwMDAwLCJkZWxldGUiOjE4MDAwMDAwMDAwMDAsInJlYWQiOjMwMDAwMDAwMDAwMCwidXBkYXRlIjoxODAwMDAwMDAwMDAwfX0=",
          "dependencies": [
            "azurerm_lb.LB",
            "azurerm_lb_backend_address_pool.BkEndAddPool",
            "azurerm_network_interface.NIC",
            "azurerm_public_ip.PIP",
            "azurerm_resource_group.RG",
            "azurerm_subnet.SUBNET",
            "azurerm_virtual_network.VNET"
          ]
        }
      ]
    },
    {
      "mode": "managed",
      "type": "azurerm_network_security_group",
      "name": "NSG",
      "provider": "provider[\"registry.terraform.io/hashicorp/azurerm\"]",
      "instances": [
        {
          "schema_version": 0,
          "attributes": {
            "id": "/subscriptions/4c907634-af3f-48a3-9043-c3a06e5ab1a4/resourceGroups/uda-proj-01/providers/Microsoft.Network/networkSecurityGroups/udacity-web-nsg",
            "location": "eastus",
            "name": "udacity-web-nsg",
            "resource_group_name": "uda-proj-01",
            "security_rule": [
              {
                "access": "Allow",
                "description": "",
                "destination_address_prefix": "*",
                "destination_address_prefixes": [],
                "destination_application_security_group_ids": [],
                "destination_port_range": "*",
                "destination_port_ranges": [],
                "direction": "Inbound",
                "name": "subNetTraffic",
                "priority": 100,
                "protocol": "Tcp",
                "source_address_prefix": "VirtualNetwork",
                "source_address_prefixes": [],
                "source_application_security_group_ids": [],
                "source_port_range": "*",
                "source_port_ranges": []
              },
              {
                "access": "Allow",
                "description": "",
                "destination_address_prefix": "VirtualNetwork",
                "destination_address_prefixes": [],
                "destination_application_security_group_ids": [],
                "destination_port_range": "22",
                "destination_port_ranges": [],
                "direction": "Inbound",
                "name": "ExternalTraffic",
                "priority": 110,
                "protocol": "Tcp",
                "source_address_prefix": "Internet",
                "source_address_prefixes": [],
                "source_application_security_group_ids": [],
                "source_port_range": "*",
                "source_port_ranges": []
              }
            ],
            "tags": {
              "department": "IT",
              "environment": "prod"
            },
            "timeouts": null
          },
          "private": "eyJlMmJmYjczMC1lY2FhLTExZTYtOGY4OC0zNDM2M2JjN2M0YzAiOnsiY3JlYXRlIjoxODAwMDAwMDAwMDAwLCJkZWxldGUiOjE4MDAwMDAwMDAwMDAsInJlYWQiOjMwMDAwMDAwMDAwMCwidXBkYXRlIjoxODAwMDAwMDAwMDAwfX0=",
          "dependencies": [
            "azurerm_resource_group.RG"
          ]
        }
      ]
    },
    {
      "mode": "managed",
      "type": "azurerm_public_ip",
      "name": "PIP",
      "provider": "provider[\"registry.terraform.io/hashicorp/azurerm\"]",
      "instances": [
        {
          "schema_version": 0,
          "attributes": {
            "allocation_method": "Static",
            "domain_name_label": null,
            "fqdn": null,
            "id": "/subscriptions/4c907634-af3f-48a3-9043-c3a06e5ab1a4/resourceGroups/uda-proj-01/providers/Microsoft.Network/publicIPAddresses/uda-proj-01-lb-pip",
            "idle_timeout_in_minutes": 4,
            "ip_address": "52.226.88.167",
            "ip_version": "IPv4",
            "location": "eastus",
            "name": "uda-proj-01-lb-pip",
            "public_ip_prefix_id": null,
            "resource_group_name": "uda-proj-01",
            "reverse_fqdn": null,
            "sku": "Standard",
            "tags": {
              "department": "IT",
              "environment": "prod"
            },
            "timeouts": null,
            "zones": []
          },
          "private": "eyJlMmJmYjczMC1lY2FhLTExZTYtOGY4OC0zNDM2M2JjN2M0YzAiOnsiY3JlYXRlIjoxODAwMDAwMDAwMDAwLCJkZWxldGUiOjE4MDAwMDAwMDAwMDAsInJlYWQiOjMwMDAwMDAwMDAwMCwidXBkYXRlIjoxODAwMDAwMDAwMDAwfX0=",
          "dependencies": [
            "azurerm_resource_group.RG"
          ]
        }
      ]
    },
    {
      "mode": "managed",
      "type": "azurerm_resource_group",
      "name": "RG",
      "provider": "provider[\"registry.terraform.io/hashicorp/azurerm\"]",
      "instances": [
        {
          "schema_version": 0,
          "attributes": {
            "id": "/subscriptions/4c907634-af3f-48a3-9043-c3a06e5ab1a4/resourceGroups/uda-proj-01",
            "location": "eastus",
            "name": "uda-proj-01",
            "tags": {
              "department": "IT",
              "environment": "prod"
            },
            "timeouts": null
          },
          "private": "eyJlMmJmYjczMC1lY2FhLTExZTYtOGY4OC0zNDM2M2JjN2M0YzAiOnsiY3JlYXRlIjo1NDAwMDAwMDAwMDAwLCJkZWxldGUiOjU0MDAwMDAwMDAwMDAsInJlYWQiOjMwMDAwMDAwMDAwMCwidXBkYXRlIjo1NDAwMDAwMDAwMDAwfX0="
        }
      ]
    },
    {
      "mode": "managed",
      "type": "azurerm_subnet",
      "name": "SUBNET",
      "provider": "provider[\"registry.terraform.io/hashicorp/azurerm\"]",
      "instances": [
        {
          "schema_version": 0,
          "attributes": {
            "address_prefix": "10.0.1.0/24",
            "address_prefixes": [
              "10.0.1.0/24"
            ],
            "delegation": [],
            "enforce_private_link_endpoint_network_policies": false,
            "enforce_private_link_service_network_policies": false,
            "id": "/subscriptions/4c907634-af3f-48a3-9043-c3a06e5ab1a4/resourceGroups/uda-proj-01/providers/Microsoft.Network/virtualNetworks/udacity-vnet/subnets/uda-proj-01_subnet",
            "name": "uda-proj-01_subnet",
            "resource_group_name": "uda-proj-01",
            "service_endpoints": [],
            "timeouts": null,
            "virtual_network_name": "udacity-vnet"
          },
          "private": "eyJlMmJmYjczMC1lY2FhLTExZTYtOGY4OC0zNDM2M2JjN2M0YzAiOnsiY3JlYXRlIjoxODAwMDAwMDAwMDAwLCJkZWxldGUiOjE4MDAwMDAwMDAwMDAsInJlYWQiOjMwMDAwMDAwMDAwMCwidXBkYXRlIjoxODAwMDAwMDAwMDAwfX0=",
          "dependencies": [
            "azurerm_resource_group.RG",
            "azurerm_virtual_network.VNET"
          ]
        }
      ]
    },
    {
      "mode": "managed",
      "type": "azurerm_subnet_network_security_group_association",
      "name": "NSG-association",
      "provider": "provider[\"registry.terraform.io/hashicorp/azurerm\"]",
      "instances": [
        {
          "schema_version": 0,
          "attributes": {
            "id": "/subscriptions/4c907634-af3f-48a3-9043-c3a06e5ab1a4/resourceGroups/uda-proj-01/providers/Microsoft.Network/virtualNetworks/udacity-vnet/subnets/uda-proj-01_subnet",
            "network_security_group_id": "/subscriptions/4c907634-af3f-48a3-9043-c3a06e5ab1a4/resourceGroups/uda-proj-01/providers/Microsoft.Network/networkSecurityGroups/udacity-web-nsg",
            "subnet_id": "/subscriptions/4c907634-af3f-48a3-9043-c3a06e5ab1a4/resourceGroups/uda-proj-01/providers/Microsoft.Network/virtualNetworks/udacity-vnet/subnets/uda-proj-01_subnet",
            "timeouts": null
          },
          "private": "eyJlMmJmYjczMC1lY2FhLTExZTYtOGY4OC0zNDM2M2JjN2M0YzAiOnsiY3JlYXRlIjoxODAwMDAwMDAwMDAwLCJkZWxldGUiOjE4MDAwMDAwMDAwMDAsInJlYWQiOjMwMDAwMDAwMDAwMCwidXBkYXRlIjoxODAwMDAwMDAwMDAwfX0=",
          "dependencies": [
            "azurerm_network_security_group.NSG",
            "azurerm_resource_group.RG",
            "azurerm_subnet.SUBNET",
            "azurerm_virtual_network.VNET"
          ]
        }
      ]
    },
    {
      "mode": "managed",
      "type": "azurerm_virtual_network",
      "name": "VNET",
      "provider": "provider[\"registry.terraform.io/hashicorp/azurerm\"]",
      "instances": [
        {
          "schema_version": 0,
          "attributes": {
            "address_space": [
              "10.0.0.0/22"
            ],
            "ddos_protection_plan": [],
            "dns_servers": [],
            "guid": "087e1f4a-a9a9-4a93-afb6-d8858d991f71",
            "id": "/subscriptions/4c907634-af3f-48a3-9043-c3a06e5ab1a4/resourceGroups/uda-proj-01/providers/Microsoft.Network/virtualNetworks/udacity-vnet",
            "location": "eastus",
            "name": "udacity-vnet",
            "resource_group_name": "uda-proj-01",
            "subnet": [
              {
                "address_prefix": "10.0.1.0/24",
                "id": "/subscriptions/4c907634-af3f-48a3-9043-c3a06e5ab1a4/resourceGroups/uda-proj-01/providers/Microsoft.Network/virtualNetworks/udacity-vnet/subnets/uda-proj-01_subnet",
                "name": "uda-proj-01_subnet",
                "security_group": "/subscriptions/4c907634-af3f-48a3-9043-c3a06e5ab1a4/resourceGroups/uda-proj-01/providers/Microsoft.Network/networkSecurityGroups/udacity-web-nsg"
              }
            ],
            "tags": {
              "department": "IT",
              "environment": "prod"
            },
            "timeouts": null
          },
          "private": "eyJlMmJmYjczMC1lY2FhLTExZTYtOGY4OC0zNDM2M2JjN2M0YzAiOnsiY3JlYXRlIjoxODAwMDAwMDAwMDAwLCJkZWxldGUiOjE4MDAwMDAwMDAwMDAsInJlYWQiOjMwMDAwMDAwMDAwMCwidXBkYXRlIjoxODAwMDAwMDAwMDAwfX0=",
          "dependencies": [
            "azurerm_resource_group.RG"
          ]
        }
      ]
    }
  ]
}
